
Microsoft Visual Studio Solution File, Format Version 12.00
# Visual Studio Version 17
VisualStudioVersion = 17.13.35931.197
MinimumVisualStudioVersion = 10.0.40219.1
Project("{2150E333-8FDC-42A3-9474-1A3956D46DE8}") = "src", "src", "{02EA681E-C7D8-13C7-8484-4AC65E1B71E8}"
EndProject
Project("{FAE04EC0-301F-11D3-BF4B-00C04F79EFBC}") = "SepCsvSourceGenerator.Analyzer", "src\SepCsvSourceGenerator.Analyzer\SepCsvSourceGenerator.Analyzer.csproj", "{7AD4B337-8C5A-4D2A-8BE0-B3178CDD9C04}"
EndProject
Project("{2150E333-8FDC-42A3-9474-1A3956D46DE8}") = "tests", "tests", "{7C69115D-7E2E-41B1-AD2A-1C31A40CBD86}"
EndProject
Project("{FAE04EC0-301F-11D3-BF4B-00C04F79EFBC}") = "SepCsvSourceGenerator.Analyzer.Tests", "tests\SepCsvSourceGenerator.Analyzer.Tests\SepCsvSourceGenerator.Analyzer.Tests.csproj", "{88BA3728-12F9-4507-863F-32D9C6702938}"
EndProject
Project("{2150E333-8FDC-42A3-9474-1A3956D46DE8}") = "Solution Items", "Solution Items", "{8EC462FD-D22E-90A8-E5CE-7E832BA40C5D}"
	ProjectSection(SolutionItems) = preProject
		Directory.Build.props = Directory.Build.props
	EndProjectSection
EndProject
Global
	GlobalSection(SolutionConfigurationPlatforms) = preSolution
		Debug|Any CPU = Debug|Any CPU
		Release|Any CPU = Release|Any CPU
	EndGlobalSection
	GlobalSection(ProjectConfigurationPlatforms) = postSolution
		{7AD4B337-8C5A-4D2A-8BE0-B3178CDD9C04}.Debug|Any CPU.ActiveCfg = Debug|Any CPU
		{7AD4B337-8C5A-4D2A-8BE0-B3178CDD9C04}.Debug|Any CPU.Build.0 = Debug|Any CPU
		{7AD4B337-8C5A-4D2A-8BE0-B3178CDD9C04}.Release|Any CPU.ActiveCfg = Release|Any CPU
		{7AD4B337-8C5A-4D2A-8BE0-B3178CDD9C04}.Release|Any CPU.Build.0 = Release|Any CPU
		{88BA3728-12F9-4507-863F-32D9C6702938}.Debug|Any CPU.ActiveCfg = Debug|Any CPU
		{88BA3728-12F9-4507-863F-32D9C6702938}.Debug|Any CPU.Build.0 = Debug|Any CPU
		{88BA3728-12F9-4507-863F-32D9C6702938}.Release|Any CPU.ActiveCfg = Release|Any CPU
		{88BA3728-12F9-4507-863F-32D9C6702938}.Release|Any CPU.Build.0 = Release|Any CPU
	EndGlobalSection
	GlobalSection(SolutionProperties) = preSolution
		HideSolutionNode = FALSE
	EndGlobalSection
	GlobalSection(NestedProjects) = preSolution
		{7AD4B337-8C5A-4D2A-8BE0-B3178CDD9C04} = {02EA681E-C7D8-13C7-8484-4AC65E1B71E8}
		{88BA3728-12F9-4507-863F-32D9C6702938} = {7C69115D-7E2E-41B1-AD2A-1C31A40CBD86}
	EndGlobalSection
	GlobalSection(ExtensibilityGlobals) = postSolution
		SolutionGuid = {07D25C97-2551-4BF9-BA6B-A8BA26CC4DBB}
	EndGlobalSection
EndGlobal
