# This file is machine-generated by `gh actions-lock`.
# Do not edit by hand; run `gh actions-lock` to update.
# Docs: https://gh.io/actions-lockfile
version: 'v0.0.2'
workflows:
    '.github/workflows/release.yml':
        - 'actions/checkout@v2.8.0'
        - 'actions/setup-dotnet@v4.3.1'
        - 'nuget/login@v1.2.0'
    '.github/workflows/test.yml':
        - 'actions/checkout@v4.4.0'
        - 'actions/setup-dotnet@v4.3.1'
dependencies:
    'actions/checkout@v2.8.0':
        ref: 'v2.8.0'
        commit: 'sha1-0717577d45739eb3c851188b29f50ed6c0b2194e'
        owner_id: 44036562
        repo_id: 197814629
    'actions/checkout@v4.4.0':
        ref: 'v4.4.0'
        commit: 'sha1-11d5960a326750d5838078e36cf38b85af677262'
        owner_id: 44036562
        repo_id: 197814629
    'actions/setup-dotnet@v4.3.1':
        ref: 'v4.3.1'
        commit: 'sha1-67a3573c9a986a3f9c594539f4ab511d57bb3ce9'
        owner_id: 44036562
        repo_id: 192625306
    'nuget/login@v1.2.0':
        ref: 'v1.2.0'
        commit: 'sha1-8d196754b4036150537f80ac539e15c2f1028841'
        owner_id: 968310
        repo_id: 1037624552
